// !$*UTF8*$!
{
	archiveVersion = 1;
	classes = {
	};
	objectVersion = 46;
	objects = {

/* Begin PBXBuildFile section */
		613DF09A1B74CFD80003F595 /* RSClipperWrapper.h in Headers */ = {isa = PBXBuildFile; fileRef = 613DF0991B74CFD80003F595 /* RSClipperWrapper.h */; settings = {ATTRIBUTES = (Public, ); }; };
		613DF0A11B74CFD80003F595 /* RSClipperWrapper.framework in Frameworks */ = {isa = PBXBuildFile; fileRef = 613DF0961B74CFD80003F595 /* RSClipperWrapper.framework */; };
		61643F9F1B74D29300989DD4 /* clipper.cpp in Sources */ = {isa = PBXBuildFile; fileRef = 61643F9D1B74D29300989DD4 /* clipper.cpp */; };
		61643FA01B74D29300989DD4 /* clipper.hpp in Headers */ = {isa = PBXBuildFile; fileRef = 61643F9E1B74D29300989DD4 /* clipper.hpp */; settings = {ATTRIBUTES = (Private, ); }; };
		61643FA21B74D59800989DD4 /* _Clipper.mm in Sources */ = {isa = PBXBuildFile; fileRef = 61643FA11B74D59800989DD4 /* _Clipper.mm */; };
		61643FA51B74D5D700989DD4 /* Clipper.swift in Sources */ = {isa = PBXBuildFile; fileRef = 61643FA41B74D5D700989DD4 /* Clipper.swift */; };
		61643FA71B74EB2600989DD4 /* _Clipper.h in Headers */ = {isa = PBXBuildFile; fileRef = 61643FA31B74D5AC00989DD4 /* _Clipper.h */; settings = {ATTRIBUTES = (Public, ); }; };
		61643FAB1B77606100989DD4 /* ClipperTests.swift in Sources */ = {isa = PBXBuildFile; fileRef = 61643FAA1B77606100989DD4 /* ClipperTests.swift */; };
/* End PBXBuildFile section */

/* Begin PBXContainerItemProxy section */
		613DF0A21B74CFD80003F595 /* PBXContainerItemProxy */ = {
			isa = PBXContainerItemProxy;
			containerPortal = 613DF08D1B74CFD80003F595 /* Project object */;
			proxyType = 1;
			remoteGlobalIDString = 613DF0951B74CFD80003F595;
			remoteInfo = RSClipperWrapper;
		};
/* End PBXContainerItemProxy section */

/* Begin PBXFileReference section */
		613DF0961B74CFD80003F595 /* RSClipperWrapper.framework */ = {isa = PBXFileReference; explicitFileType = wrapper.framework; includeInIndex = 0; path = RSClipperWrapper.framework; sourceTree = BUILT_PRODUCTS_DIR; };
		613DF0991B74CFD80003F595 /* RSClipperWrapper.h */ = {isa = PBXFileReference; lastKnownFileType = sourcecode.c.h; path = RSClipperWrapper.h; sourceTree = "<group>"; };
		613DF09B1B74CFD80003F595 /* Info.plist */ = {isa = PBXFileReference; lastKnownFileType = text.plist.xml; path = Info.plist; sourceTree = "<group>"; };
		613DF0A01B74CFD80003F595 /* RSClipperWrapperTests.xctest */ = {isa = PBXFileReference; explicitFileType = wrapper.cfbundle; includeInIndex = 0; path = RSClipperWrapperTests.xctest; sourceTree = BUILT_PRODUCTS_DIR; };
		613DF0A71B74CFD80003F595 /* Info.plist */ = {isa = PBXFileReference; lastKnownFileType = text.plist.xml; path = Info.plist; sourceTree = "<group>"; };
		61643F9D1B74D29300989DD4 /* clipper.cpp */ = {isa = PBXFileReference; fileEncoding = 4; lastKnownFileType = sourcecode.cpp.cpp; name = clipper.cpp; path = "Clipper 6.2.1/clipper.cpp"; sourceTree = "<group>"; };
		61643F9E1B74D29300989DD4 /* clipper.hpp */ = {isa = PBXFileReference; fileEncoding = 4; lastKnownFileType = sourcecode.cpp.h; name = clipper.hpp; path = "Clipper 6.2.1/clipper.hpp"; sourceTree = "<group>"; };
		61643FA11B74D59800989DD4 /* _Clipper.mm */ = {isa = PBXFileReference; fileEncoding = 4; lastKnownFileType = sourcecode.cpp.objcpp; path = _Clipper.mm; sourceTree = "<group>"; };
		61643FA31B74D5AC00989DD4 /* _Clipper.h */ = {isa = PBXFileReference; lastKnownFileType = sourcecode.c.h; path = _Clipper.h; sourceTree = "<group>"; };
		61643FA41B74D5D700989DD4 /* Clipper.swift */ = {isa = PBXFileReference; fileEncoding = 4; lastKnownFileType = sourcecode.swift; path = Clipper.swift; sourceTree = "<group>"; };
		61643FAA1B77606100989DD4 /* ClipperTests.swift */ = {isa = PBXFileReference; fileEncoding = 4; lastKnownFileType = sourcecode.swift; path = ClipperTests.swift; sourceTree = "<group>"; };
/* End PBXFileReference section */

/* Begin PBXFrameworksBuildPhase section */
		613DF0921B74CFD80003F595 /* Frameworks */ = {
			isa = PBXFrameworksBuildPhase;
			buildActionMask = 2147483647;
			files = (
			);
			runOnlyForDeploymentPostprocessing = 0;
		};
		613DF09D1B74CFD80003F595 /* Frameworks */ = {
			isa = PBXFrameworksBuildPhase;
			buildActionMask = 2147483647;
			files = (
				613DF0A11B74CFD80003F595 /* RSClipperWrapper.framework in Frameworks */,
			);
			runOnlyForDeploymentPostprocessing = 0;
		};
/* End PBXFrameworksBuildPhase section */

/* Begin PBXGroup section */
		613DF08C1B74CFD80003F595 = {
			isa = PBXGroup;
			children = (
				613DF0981B74CFD80003F595 /* RSClipperWrapper */,
				613DF0A41B74CFD80003F595 /* RSClipperWrapperTests */,
				613DF0971B74CFD80003F595 /* Products */,
			);
			sourceTree = "<group>";
		};
		613DF0971B74CFD80003F595 /* Products */ = {
			isa = PBXGroup;
			children = (
				613DF0961B74CFD80003F595 /* RSClipperWrapper.framework */,
				613DF0A01B74CFD80003F595 /* RSClipperWrapperTests.xctest */,
			);
			name = Products;
			sourceTree = "<group>";
		};
		613DF0981B74CFD80003F595 /* RSClipperWrapper */ = {
			isa = PBXGroup;
			children = (
				61643F981B74D1DD00989DD4 /* Clipper 6.2.1 */,
				61643FA31B74D5AC00989DD4 /* _Clipper.h */,
				61643FA11B74D59800989DD4 /* _Clipper.mm */,
				61643FA41B74D5D700989DD4 /* Clipper.swift */,
				613DF0991B74CFD80003F595 /* RSClipperWrapper.h */,
				613DF09B1B74CFD80003F595 /* Info.plist */,
			);
			path = RSClipperWrapper;
			sourceTree = "<group>";
		};
		613DF0A41B74CFD80003F595 /* RSClipperWrapperTests */ = {
			isa = PBXGroup;
			children = (
				61643FAA1B77606100989DD4 /* ClipperTests.swift */,
				613DF0A71B74CFD80003F595 /* Info.plist */,
			);
			path = RSClipperWrapperTests;
			sourceTree = "<group>";
		};
		61643F981B74D1DD00989DD4 /* Clipper 6.2.1 */ = {
			isa = PBXGroup;
			children = (
				61643F9E1B74D29300989DD4 /* clipper.hpp */,
				61643F9D1B74D29300989DD4 /* clipper.cpp */,
			);
			name = "Clipper 6.2.1";
			sourceTree = "<group>";
		};
/* End PBXGroup section */

/* Begin PBXHeadersBuildPhase section */
		613DF0931B74CFD80003F595 /* Headers */ = {
			isa = PBXHeadersBuildPhase;
			buildActionMask = 2147483647;
			files = (
				61643FA01B74D29300989DD4 /* clipper.hpp in Headers */,
				61643FA71B74EB2600989DD4 /* _Clipper.h in Headers */,
				613DF09A1B74CFD80003F595 /* RSClipperWrapper.h in Headers */,
			);
			runOnlyForDeploymentPostprocessing = 0;
		};
/* End PBXHeadersBuildPhase section */

/* Begin PBXNativeTarget section */
		613DF0951B74CFD80003F595 /* RSClipperWrapper */ = {
			isa = PBXNativeTarget;
			buildConfigurationList = 613DF0AA1B74CFD80003F595 /* Build configuration list for PBXNativeTarget "RSClipperWrapper" */;
			buildPhases = (
				613DF0911B74CFD80003F595 /* Sources */,
				613DF0921B74CFD80003F595 /* Frameworks */,
				613DF0931B74CFD80003F595 /* Headers */,
				613DF0941B74CFD80003F595 /* Resources */,
			);
			buildRules = (
			);
			dependencies = (
			);
			name = RSClipperWrapper;
			productName = RSClipperWrapper;
			productReference = 613DF0961B74CFD80003F595 /* RSClipperWrapper.framework */;
			productType = "com.apple.product-type.framework";
		};
		613DF09F1B74CFD80003F595 /* RSClipperWrapperTests */ = {
			isa = PBXNativeTarget;
			buildConfigurationList = 613DF0AD1B74CFD80003F595 /* Build configuration list for PBXNativeTarget "RSClipperWrapperTests" */;
			buildPhases = (
				613DF09C1B74CFD80003F595 /* Sources */,
				613DF09D1B74CFD80003F595 /* Frameworks */,
				613DF09E1B74CFD80003F595 /* Resources */,
			);
			buildRules = (
			);
			dependencies = (
				613DF0A31B74CFD80003F595 /* PBXTargetDependency */,
			);
			name = RSClipperWrapperTests;
			productName = RSClipperWrapperTests;
			productReference = 613DF0A01B74CFD80003F595 /* RSClipperWrapperTests.xctest */;
			productType = "com.apple.product-type.bundle.unit-test";
		};
/* End PBXNativeTarget section */

/* Begin PBXProject section */
		613DF08D1B74CFD80003F595 /* Project object */ = {
			isa = PBXProject;
			attributes = {
				LastSwiftUpdateCheck = 0700;
				LastUpgradeCheck = 0800;
				ORGANIZATIONNAME = "Matthias Fey";
				TargetAttributes = {
					613DF0951B74CFD80003F595 = {
						CreatedOnToolsVersion = 7.0;
						LastSwiftMigration = 0800;
					};
					613DF09F1B74CFD80003F595 = {
						CreatedOnToolsVersion = 7.0;
					};
				};
			};
			buildConfigurationList = 613DF0901B74CFD80003F595 /* Build configuration list for PBXProject "RSClipperWrapper" */;
			compatibilityVersion = "Xcode 3.2";
			developmentRegion = English;
			hasScannedForEncodings = 0;
			knownRegions = (
				en,
			);
			mainGroup = 613DF08C1B74CFD80003F595;
			productRefGroup = 613DF0971B74CFD80003F595 /* Products */;
			projectDirPath = "";
			projectRoot = "";
			targets = (
				613DF0951B74CFD80003F595 /* RSClipperWrapper */,
				613DF09F1B74CFD80003F595 /* RSClipperWrapperTests */,
			);
		};
/* End PBXProject section */

/* Begin PBXResourcesBuildPhase section */
		613DF0941B74CFD80003F595 /* Resources */ = {
			isa = PBXResourcesBuildPhase;
			buildActionMask = 2147483647;
			files = (
			);
			runOnlyForDeploymentPostprocessing = 0;
		};
		613DF09E1B74CFD80003F595 /* Resources */ = {
			isa = PBXResourcesBuildPhase;
			buildActionMask = 2147483647;
			files = (
			);
			runOnlyForDeploymentPostprocessing = 0;
		};
/* End PBXResourcesBuildPhase section */

/* Begin PBXSourcesBuildPhase section */
		613DF0911B74CFD80003F595 /* Sources */ = {
			isa = PBXSourcesBuildPhase;
			buildActionMask = 2147483647;
			files = (
				61643F9F1B74D29300989DD4 /* clipper.cpp in Sources */,
				61643FA21B74D59800989DD4 /* _Clipper.mm in Sources */,
				61643FA51B74D5D700989DD4 /* Clipper.swift in Sources */,
			);
			runOnlyForDeploymentPostprocessing = 0;
		};
		613DF09C1B74CFD80003F595 /* Sources */ = {
			isa = PBXSourcesBuildPhase;
			buildActionMask = 2147483647;
			files = (
				61643FAB1B77606100989DD4 /* ClipperTests.swift in Sources */,
			);
			runOnlyForDeploymentPostprocessing = 0;
		};
/* End PBXSourcesBuildPhase section */

/* Begin PBXTargetDependency section */
		613DF0A31B74CFD80003F595 /* PBXTargetDependency */ = {
			isa = PBXTargetDependency;
			target = 613DF0951B74CFD80003F595 /* RSClipperWrapper */;
			targetProxy = 613DF0A21B74CFD80003F595 /* PBXContainerItemProxy */;
		};
/* End PBXTargetDependency section */

/* Begin XCBuildConfiguration section */
		613DF0A81B74CFD80003F595 /* Debug */ = {
			isa = XCBuildConfiguration;
			buildSettings = {
				ALWAYS_SEARCH_USER_PATHS = NO;
				CLANG_CXX_LANGUAGE_STANDARD = "gnu++0x";
				CLANG_CXX_LIBRARY = "libc++";
				CLANG_ENABLE_MODULES = YES;
				CLANG_ENABLE_OBJC_ARC = YES;
				CLANG_WARN_BOOL_CONVERSION = YES;
				CLANG_WARN_CONSTANT_CONVERSION = YES;
				CLANG_WARN_DIRECT_OBJC_ISA_USAGE = YES_ERROR;
				CLANG_WARN_EMPTY_BODY = YES;
				CLANG_WARN_ENUM_CONVERSION = YES;
				CLANG_WARN_INFINITE_RECURSION = YES;
				CLANG_WARN_INT_CONVERSION = YES;
				CLANG_WARN_OBJC_ROOT_CLASS = YES_ERROR;
				CLANG_WARN_SUSPICIOUS_MOVE = YES;
				CLANG_WARN_UNREACHABLE_CODE = YES;
				CLANG_WARN__DUPLICATE_METHOD_MATCH = YES;
				"CODE_SIGN_IDENTITY[sdk=iphoneos*]" = "iPhone Developer";
				COPY_PHASE_STRIP = NO;
				CURRENT_PROJECT_VERSION = 1;
				DEBUG_INFORMATION_FORMAT = dwarf;
				ENABLE_STRICT_OBJC_MSGSEND = YES;
				ENABLE_TESTABILITY = YES;
				GCC_C_LANGUAGE_STANDARD = gnu99;
				GCC_DYNAMIC_NO_PIC = NO;
				GCC_NO_COMMON_BLOCKS = YES;
				GCC_OPTIMIZATION_LEVEL = 0;
				GCC_PREPROCESSOR_DEFINITIONS = (
					"DEBUG=1",
					"$(inherited)",
				);
				GCC_WARN_64_TO_32_BIT_CONVERSION = YES;
				GCC_WARN_ABOUT_RETURN_TYPE = YES_ERROR;
				GCC_WARN_UNDECLARED_SELECTOR = YES;
				GCC_WARN_UNINITIALIZED_AUTOS = YES_AGGRESSIVE;
				GCC_WARN_UNUSED_FUNCTION = YES;
				GCC_WARN_UNUSED_VARIABLE = YES;
				IPHONEOS_DEPLOYMENT_TARGET = 9.0;
				MTL_ENABLE_DEBUG_INFO = YES;
				ONLY_ACTIVE_ARCH = YES;
				SDKROOT = iphoneos;
				SWIFT_OPTIMIZATION_LEVEL = "-Onone";
				TARGETED_DEVICE_FAMILY = "1,2";
				VERSIONING_SYSTEM = "apple-generic";
				VERSION_INFO_PREFIX = "";
			};
			name = Debug;
		};
		613DF0A91B74CFD80003F595 /* Release */ = {
			isa = XCBuildConfiguration;
			buildSettings = {
				ALWAYS_SEARCH_USER_PATHS = NO;
				CLANG_CXX_LANGUAGE_STANDARD = "gnu++0x";
				CLANG_CXX_LIBRARY = "libc++";
				CLANG_ENABLE_MODULES = YES;
				CLANG_ENABLE_OBJC_ARC = YES;
				CLANG_WARN_BOOL_CONVERSION = YES;
				CLANG_WARN_CONSTANT_CONVERSION = YES;
				CLANG_WARN_DIRECT_OBJC_ISA_USAGE = YES_ERROR;
				CLANG_WARN_EMPTY_BODY = YES;
				CLANG_WARN_ENUM_CONVERSION = YES;
				CLANG_WARN_INFINITE_RECURSION = YES;
				CLANG_WARN_INT_CONVERSION = YES;
				CLANG_WARN_OBJC_ROOT_CLASS = YES_ERROR;
				CLANG_WARN_SUSPICIOUS_MOVE = YES;
				CLANG_WARN_UNREACHABLE_CODE = YES;
				CLANG_WARN__DUPLICATE_METHOD_MATCH = YES;
				"CODE_SIGN_IDENTITY[sdk=iphoneos*]" = "iPhone Developer";
				COPY_PHASE_STRIP = NO;
				CURRENT_PROJECT_VERSION = 1;
				DEBUG_INFORMATION_FORMAT = "dwarf-with-dsym";
				ENABLE_NS_ASSERTIONS = NO;
				ENABLE_STRICT_OBJC_MSGSEND = YES;
				GCC_C_LANGUAGE_STANDARD = gnu99;
				GCC_NO_COMMON_BLOCKS = YES;
				GCC_WARN_64_TO_32_BIT_CONVERSION = YES;
				GCC_WARN_ABOUT_RETURN_TYPE = YES_ERROR;
				GCC_WARN_UNDECLARED_SELECTOR = YES;
				GCC_WARN_UNINITIALIZED_AUTOS = YES_AGGRESSIVE;
				GCC_WARN_UNUSED_FUNCTION = YES;
				GCC_WARN_UNUSED_VARIABLE = YES;
				IPHONEOS_DEPLOYMENT_TARGET = 9.0;
				MTL_ENABLE_DEBUG_INFO = NO;
				SDKROOT = iphoneos;
				SWIFT_OPTIMIZATION_LEVEL = "-Owholemodule";
				TARGETED_DEVICE_FAMILY = "1,2";
				VALIDATE_PRODUCT = YES;
				VERSIONING_SYSTEM = "apple-generic";
				VERSION_INFO_PREFIX = "";
			};
			name = Release;
		};
		613DF0AB1B74CFD80003F595 /* Debug */ = {
			isa = XCBuildConfiguration;
			buildSettings = {
				CLANG_ENABLE_MODULES = YES;
				"CODE_SIGN_IDENTITY[sdk=iphoneos*]" = "";
				DEFINES_MODULE = YES;
				DYLIB_COMPATIBILITY_VERSION = 1;
				DYLIB_CURRENT_VERSION = 1;
				DYLIB_INSTALL_NAME_BASE = "@rpath";
				INFOPLIST_FILE = RSClipperWrapper/Info.plist;
				INSTALL_PATH = "$(LOCAL_LIBRARY_DIR)/Frameworks";
				LD_RUNPATH_SEARCH_PATHS = "$(inherited) @executable_path/Frameworks @loader_path/Frameworks";
				PRODUCT_BUNDLE_IDENTIFIER = rusty1s.RSClipperWrapper;
				PRODUCT_NAME = "$(TARGET_NAME)";
				SKIP_INSTALL = YES;
				SWIFT_OBJC_BRIDGING_HEADER = "";
				SWIFT_OPTIMIZATION_LEVEL = "-Onone";
				SWIFT_VERSION = 3.0;
			};
			name = Debug;
		};
		613DF0AC1B74CFD80003F595 /* Release */ = {
			isa = XCBuildConfiguration;
			buildSettings = {
				CLANG_ENABLE_MODULES = YES;
				"CODE_SIGN_IDENTITY[sdk=iphoneos*]" = "";
				DEFINES_MODULE = YES;
				DYLIB_COMPATIBILITY_VERSION = 1;
				DYLIB_CURRENT_VERSION = 1;
				DYLIB_INSTALL_NAME_BASE = "@rpath";
				INFOPLIST_FILE = RSClipperWrapper/Info.plist;
				INSTALL_PATH = "$(LOCAL_LIBRARY_DIR)/Frameworks";
				LD_RUNPATH_SEARCH_PATHS = "$(inherited) @executable_path/Frameworks @loader_path/Frameworks";
				PRODUCT_BUNDLE_IDENTIFIER = rusty1s.RSClipperWrapper;
				PRODUCT_NAME = "$(TARGET_NAME)";
				SKIP_INSTALL = YES;
				SWIFT_OBJC_BRIDGING_HEADER = "";
				SWIFT_VERSION = 3.0;
			};
			name = Release;
		};
		613DF0AE1B74CFD80003F595 /* Debug */ = {
			isa = XCBuildConfiguration;
			buildSettings = {
				INFOPLIST_FILE = RSClipperWrapperTests/Info.plist;
				LD_RUNPATH_SEARCH_PATHS = "$(inherited) @executable_path/Frameworks @loader_path/Frameworks";
				PRODUCT_BUNDLE_IDENTIFIER = rusty1s.RSClipperWrapperTests;
				PRODUCT_NAME = "$(TARGET_NAME)";
			};
			name = Debug;
		};
		613DF0AF1B74CFD80003F595 /* Release */ = {
			isa = XCBuildConfiguration;
			buildSettings = {
				INFOPLIST_FILE = RSClipperWrapperTests/Info.plist;
				LD_RUNPATH_SEARCH_PATHS = "$(inherited) @executable_path/Frameworks @loader_path/Frameworks";
				PRODUCT_BUNDLE_IDENTIFIER = rusty1s.RSClipperWrapperTests;
				PRODUCT_NAME = "$(TARGET_NAME)";
			};
			name = Release;
		};
/* End XCBuildConfiguration section */

/* Begin XCConfigurationList section */
		613DF0901B74CFD80003F595 /* Build configuration list for PBXProject "RSClipperWrapper" */ = {
			isa = XCConfigurationList;
			buildConfigurations = (
				613DF0A81B74CFD80003F595 /* Debug */,
				613DF0A91B74CFD80003F595 /* Release */,
			);
			defaultConfigurationIsVisible = 0;
			defaultConfigurationName = Release;
		};
		613DF0AA1B74CFD80003F595 /* Build configuration list for PBXNativeTarget "RSClipperWrapper" */ = {
			isa = XCConfigurationList;
			buildConfigurations = (
				613DF0AB1B74CFD80003F595 /* Debug */,
				613DF0AC1B74CFD80003F595 /* Release */,
			);
			defaultConfigurationIsVisible = 0;
			defaultConfigurationName = Release;
		};
		613DF0AD1B74CFD80003F595 /* Build configuration list for PBXNativeTarget "RSClipperWrapperTests" */ = {
			isa = XCConfigurationList;
			buildConfigurations = (
				613DF0AE1B74CFD80003F595 /* Debug */,
				613DF0AF1B74CFD80003F595 /* Release */,
			);
			defaultConfigurationIsVisible = 0;
			defaultConfigurationName = Release;
		};
/* End XCConfigurationList section */
	};
	rootObject = 613DF08D1B74CFD80003F595 /* Project object */;
}
